
Microsoft Visual Studio Solution File, Format Version 12.00
# Visual Studio 15
VisualStudioVersion = 15.0.27130.2010
MinimumVisualStudioVersion = 10.0.40219.1
Project("{FAE04EC0-301F-11D3-BF4B-00C04F79EFBC}") = "Genetic_Algorithm", "Project\Genetic_Algorithm.csproj", "{A9B8D80D-3FE8-4B31-BD02-1D806CB73AD7}"
EndProject
Global
	GlobalSection(SolutionConfigurationPlatforms) = preSolution
		Debug|Any CPU = Debug|Any CPU
		Release|Any CPU = Release|Any CPU
	EndGlobalSection
	GlobalSection(ProjectConfigurationPlatforms) = postSolution
		{A9B8D80D-3FE8-4B31-BD02-1D806CB73AD7}.Debug|Any CPU.ActiveCfg = Debug|Any CPU
		{A9B8D80D-3FE8-4B31-BD02-1D806CB73AD7}.Debug|Any CPU.Build.0 = Debug|Any CPU
		{A9B8D80D-3FE8-4B31-BD02-1D806CB73AD7}.Release|Any CPU.ActiveCfg = Release|Any CPU
		{A9B8D80D-3FE8-4B31-BD02-1D806CB73AD7}.Release|Any CPU.Build.0 = Release|Any CPU
	EndGlobalSection
	GlobalSection(SolutionProperties) = preSolution
		HideSolutionNode = FALSE
	EndGlobalSection
	GlobalSection(ExtensibilityGlobals) = postSolution
		SolutionGuid = {7AE452CD-4259-4908-BDBD-0A9379237036}
	EndGlobalSection
EndGlobal
